
Microsoft Visual Studio Solution File, Format Version 12.00
# Visual Studio Version 16
VisualStudioVersion = 16.0.28803.916
MinimumVisualStudioVersion = 10.0.40219.1
Project("{FAE04EC0-301F-11D3-BF4B-00C04F79EFBC}") = "SophosPruebaTecnica", "SophosPruebaTecnica\SophosPruebaTecnica.csproj", "{CCA2E1A2-47AD-49B1-9337-79F085E53236}"
EndProject
Global
	GlobalSection(SolutionConfigurationPlatforms) = preSolution
		Debug|Any CPU = Debug|Any CPU
		Release|Any CPU = Release|Any CPU
	EndGlobalSection
	GlobalSection(ProjectConfigurationPlatforms) = postSolution
		{CCA2E1A2-47AD-49B1-9337-79F085E53236}.Debug|Any CPU.ActiveCfg = Debug|Any CPU
		{CCA2E1A2-47AD-49B1-9337-79F085E53236}.Debug|Any CPU.Build.0 = Debug|Any CPU
		{CCA2E1A2-47AD-49B1-9337-79F085E53236}.Release|Any CPU.ActiveCfg = Release|Any CPU
		{CCA2E1A2-47AD-49B1-9337-79F085E53236}.Release|Any CPU.Build.0 = Release|Any CPU
	EndGlobalSection
	GlobalSection(SolutionProperties) = preSolution
		HideSolutionNode = FALSE
	EndGlobalSection
	GlobalSection(ExtensibilityGlobals) = postSolution
		SolutionGuid = {E96D6BEE-2C2F-42F4-8E38-D37A7AC482DA}
	EndGlobalSection
EndGlobal
